
Microsoft Visual Studio Solution File, Format Version 12.00
# Visual Studio Version 16
VisualStudioVersion = 16.0.31112.23
MinimumVisualStudioVersion = 10.0.40219.1
Project("{9A19103F-16F7-4668-BE54-9A1E7A4F7556}") = "PEDumper", "src\PEDumper\PEDumper.csproj", "{14837EDD-DB08-4AED-979B-90F0232AA069}"
EndProject
Project("{9A19103F-16F7-4668-BE54-9A1E7A4F7556}") = "PEDumperCompact", "src\PEDumperCompact\PEDumperCompact.csproj", "{94C5F26D-B66C-4BFE-840B-BC463B143B63}"
EndProject
Global
	GlobalSection(SolutionConfigurationPlatforms) = preSolution
		Debug|Any CPU = Debug|Any CPU
		Release|Any CPU = Release|Any CPU
	EndGlobalSection
	GlobalSection(ProjectConfigurationPlatforms) = postSolution
		{14837EDD-DB08-4AED-979B-90F0232AA069}.Debug|Any CPU.ActiveCfg = Debug|Any CPU
		{14837EDD-DB08-4AED-979B-90F0232AA069}.Debug|Any CPU.Build.0 = Debug|Any CPU
		{14837EDD-DB08-4AED-979B-90F0232AA069}.Release|Any CPU.ActiveCfg = Release|Any CPU
		{14837EDD-DB08-4AED-979B-90F0232AA069}.Release|Any CPU.Build.0 = Release|Any CPU
		{94C5F26D-B66C-4BFE-840B-BC463B143B63}.Debug|Any CPU.ActiveCfg = Debug|Any CPU
		{94C5F26D-B66C-4BFE-840B-BC463B143B63}.Debug|Any CPU.Build.0 = Debug|Any CPU
		{94C5F26D-B66C-4BFE-840B-BC463B143B63}.Release|Any CPU.ActiveCfg = Release|Any CPU
		{94C5F26D-B66C-4BFE-840B-BC463B143B63}.Release|Any CPU.Build.0 = Release|Any CPU
	EndGlobalSection
	GlobalSection(SolutionProperties) = preSolution
		HideSolutionNode = FALSE
	EndGlobalSection
	GlobalSection(ExtensibilityGlobals) = postSolution
		SolutionGuid = {2831048D-F6F0-4CF2-BFC7-7EB1E303330C}
	EndGlobalSection
EndGlobal
